
Microsoft Visual Studio Solution File, Format Version 12.00
# Visual Studio Version 17
VisualStudioVersion = 17.0.31903.59
MinimumVisualStudioVersion = 10.0.40219.1
Project("{FAE04EC0-301F-11D3-BF4B-00C04F79EFBC}") = "BasicosBlazor.API", "BasicosBlazor.API\BasicosBlazor.API.csproj", "{F1A3C08B-71BF-44A3-BEDB-117C7DF0E320}"
EndProject
Project("{FAE04EC0-301F-11D3-BF4B-00C04F79EFBC}") = "BasicosBlazor.Client", "BasicosBlazor.Client\BasicosBlazor.Client.csproj", "{7B3D4330-9ACF-4630-A963-6300AD571B30}"
EndProject
Project("{FAE04EC0-301F-11D3-BF4B-00C04F79EFBC}") = "BasicosBlazor.Library", "BasicosBlazor.Library\BasicosBlazor.Library.csproj", "{0B0DEB2A-8F56-4331-BEFB-013B5D06566D}"
EndProject
Global
	GlobalSection(SolutionConfigurationPlatforms) = preSolution
		Debug|Any CPU = Debug|Any CPU
		Release|Any CPU = Release|Any CPU
	EndGlobalSection
	GlobalSection(ProjectConfigurationPlatforms) = postSolution
		{F1A3C08B-71BF-44A3-BEDB-117C7DF0E320}.Debug|Any CPU.ActiveCfg = Debug|Any CPU
		{F1A3C08B-71BF-44A3-BEDB-117C7DF0E320}.Debug|Any CPU.Build.0 = Debug|Any CPU
		{F1A3C08B-71BF-44A3-BEDB-117C7DF0E320}.Release|Any CPU.ActiveCfg = Release|Any CPU
		{F1A3C08B-71BF-44A3-BEDB-117C7DF0E320}.Release|Any CPU.Build.0 = Release|Any CPU
		{7B3D4330-9ACF-4630-A963-6300AD571B30}.Debug|Any CPU.ActiveCfg = Debug|Any CPU
		{7B3D4330-9ACF-4630-A963-6300AD571B30}.Debug|Any CPU.Build.0 = Debug|Any CPU
		{7B3D4330-9ACF-4630-A963-6300AD571B30}.Release|Any CPU.ActiveCfg = Release|Any CPU
		{7B3D4330-9ACF-4630-A963-6300AD571B30}.Release|Any CPU.Build.0 = Release|Any CPU
		{0B0DEB2A-8F56-4331-BEFB-013B5D06566D}.Debug|Any CPU.ActiveCfg = Debug|Any CPU
		{0B0DEB2A-8F56-4331-BEFB-013B5D06566D}.Debug|Any CPU.Build.0 = Debug|Any CPU
		{0B0DEB2A-8F56-4331-BEFB-013B5D06566D}.Release|Any CPU.ActiveCfg = Release|Any CPU
		{0B0DEB2A-8F56-4331-BEFB-013B5D06566D}.Release|Any CPU.Build.0 = Release|Any CPU
	EndGlobalSection
	GlobalSection(SolutionProperties) = preSolution
		HideSolutionNode = FALSE
	EndGlobalSection
EndGlobal
